// !$*UTF8*$!
{
	archiveVersion = 1;
	classes = {
	};
	objectVersion = 56;
	objects = {

/* Begin PBXBuildFile section */
		3D25D31D2A9CC4A40083DBC4 /* BookStoreApplicationApp.swift in Sources */ = {isa = PBXBuildFile; fileRef = 3D25D31C2A9CC4A40083DBC4 /* BookStoreApplicationApp.swift */; };
		3D25D31F2A9CC4A40083DBC4 /* ContentView.swift in Sources */ = {isa = PBXBuildFile; fileRef = 3D25D31E2A9CC4A40083DBC4 /* ContentView.swift */; };
		3D25D3212A9CC4A40083DBC4 /* Assets.xcassets in Resources */ = {isa = PBXBuildFile; fileRef = 3D25D3202A9CC4A40083DBC4 /* Assets.xcassets */; };
		3D25D3242A9CC4A40083DBC4 /* Preview Assets.xcassets in Resources */ = {isa = PBXBuildFile; fileRef = 3D25D3232A9CC4A40083DBC4 /* Preview Assets.xcassets */; };
		3D25D32E2A9CC4A40083DBC4 /* BookStoreApplicationTests.swift in Sources */ = {isa = PBXBuildFile; fileRef = 3D25D32D2A9CC4A40083DBC4 /* BookStoreApplicationTests.swift */; };
		3D25D3382A9CC4A40083DBC4 /* BookStoreApplicationUITests.swift in Sources */ = {isa = PBXBuildFile; fileRef = 3D25D3372A9CC4A40083DBC4 /* BookStoreApplicationUITests.swift */; };
		3D25D33A2A9CC4A40083DBC4 /* BookStoreApplicationUITestsLaunchTests.swift in Sources */ = {isa = PBXBuildFile; fileRef = 3D25D3392A9CC4A40083DBC4 /* BookStoreApplicationUITestsLaunchTests.swift */; };
		3D25D3482A9CC4C20083DBC4 /* BookStore in Frameworks */ = {isa = PBXBuildFile; productRef = 3D25D3472A9CC4C20083DBC4 /* BookStore */; };
/* End PBXBuildFile section */

/* Begin PBXContainerItemProxy section */
		3D25D32A2A9CC4A40083DBC4 /* PBXContainerItemProxy */ = {
			isa = PBXContainerItemProxy;
			containerPortal = 3D25D3112A9CC4A40083DBC4 /* Project object */;
			proxyType = 1;
			remoteGlobalIDString = 3D25D3182A9CC4A40083DBC4;
			remoteInfo = BookStoreApplication;
		};
		3D25D3342A9CC4A40083DBC4 /* PBXContainerItemProxy */ = {
			isa = PBXContainerItemProxy;
			containerPortal = 3D25D3112A9CC4A40083DBC4 /* Project object */;
			proxyType = 1;
			remoteGlobalIDString = 3D25D3182A9CC4A40083DBC4;
			remoteInfo = BookStoreApplication;
		};
/* End PBXContainerItemProxy section */

/* Begin PBXFileReference section */
		3D25D3192A9CC4A40083DBC4 /* BookStoreApplication.app */ = {isa = PBXFileReference; explicitFileType = wrapper.application; includeInIndex = 0; path = BookStoreApplication.app; sourceTree = BUILT_PRODUCTS_DIR; };
		3D25D31C2A9CC4A40083DBC4 /* BookStoreApplicationApp.swift */ = {isa = PBXFileReference; lastKnownFileType = sourcecode.swift; path = BookStoreApplicationApp.swift; sourceTree = "<group>"; };
		3D25D31E2A9CC4A40083DBC4 /* ContentView.swift */ = {isa = PBXFileReference; lastKnownFileType = sourcecode.swift; path = ContentView.swift; sourceTree = "<group>"; };
		3D25D3202A9CC4A40083DBC4 /* Assets.xcassets */ = {isa = PBXFileReference; lastKnownFileType = folder.assetcatalog; path = Assets.xcassets; sourceTree = "<group>"; };
		3D25D3232A9CC4A40083DBC4 /* Preview Assets.xcassets */ = {isa = PBXFileReference; lastKnownFileType = folder.assetcatalog; path = "Preview Assets.xcassets"; sourceTree = "<group>"; };
		3D25D3292A9CC4A40083DBC4 /* BookStoreApplicationTests.xctest */ = {isa = PBXFileReference; explicitFileType = wrapper.cfbundle; includeInIndex = 0; path = BookStoreApplicationTests.xctest; sourceTree = BUILT_PRODUCTS_DIR; };
		3D25D32D2A9CC4A40083DBC4 /* BookStoreApplicationTests.swift */ = {isa = PBXFileReference; lastKnownFileType = sourcecode.swift; path = BookStoreApplicationTests.swift; sourceTree = "<group>"; };
		3D25D3332A9CC4A40083DBC4 /* BookStoreApplicationUITests.xctest */ = {isa = PBXFileReference; explicitFileType = wrapper.cfbundle; includeInIndex = 0; path = BookStoreApplicationUITests.xctest; sourceTree = BUILT_PRODUCTS_DIR; };
		3D25D3372A9CC4A40083DBC4 /* BookStoreApplicationUITests.swift */ = {isa = PBXFileReference; lastKnownFileType = sourcecode.swift; path = BookStoreApplicationUITests.swift; sourceTree = "<group>"; };
		3D25D3392A9CC4A40083DBC4 /* BookStoreApplicationUITestsLaunchTests.swift */ = {isa = PBXFileReference; lastKnownFileType = sourcecode.swift; path = BookStoreApplicationUITestsLaunchTests.swift; sourceTree = "<group>"; };
		3D25D34B2A9CD7390083DBC4 /* Info.plist */ = {isa = PBXFileReference; lastKnownFileType = text.plist; path = Info.plist; sourceTree = "<group>"; };
/* End PBXFileReference section */

/* Begin PBXFrameworksBuildPhase section */
		3D25D3162A9CC4A40083DBC4 /* Frameworks */ = {
			isa = PBXFrameworksBuildPhase;
			buildActionMask = 2147483647;
			files = (
				3D25D3482A9CC4C20083DBC4 /* BookStore in Frameworks */,
			);
			runOnlyForDeploymentPostprocessing = 0;
		};
		3D25D3262A9CC4A40083DBC4 /* Frameworks */ = {
			isa = PBXFrameworksBuildPhase;
			buildActionMask = 2147483647;
			files = (
			);
			runOnlyForDeploymentPostprocessing = 0;
		};
		3D25D3302A9CC4A40083DBC4 /* Frameworks */ = {
			isa = PBXFrameworksBuildPhase;
			buildActionMask = 2147483647;
			files = (
			);
			runOnlyForDeploymentPostprocessing = 0;
		};
/* End PBXFrameworksBuildPhase section */

/* Begin PBXGroup section */
		3D25D3102A9CC4A40083DBC4 = {
			isa = PBXGroup;
			children = (
				3D25D31B2A9CC4A40083DBC4 /* BookStoreApplication */,
				3D25D32C2A9CC4A40083DBC4 /* BookStoreApplicationTests */,
				3D25D3362A9CC4A40083DBC4 /* BookStoreApplicationUITests */,
				3D25D31A2A9CC4A40083DBC4 /* Products */,
			);
			sourceTree = "<group>";
		};
		3D25D31A2A9CC4A40083DBC4 /* Products */ = {
			isa = PBXGroup;
			children = (
				3D25D3192A9CC4A40083DBC4 /* BookStoreApplication.app */,
				3D25D3292A9CC4A40083DBC4 /* BookStoreApplicationTests.xctest */,
				3D25D3332A9CC4A40083DBC4 /* BookStoreApplicationUITests.xctest */,
			);
			name = Products;
			sourceTree = "<group>";
		};
		3D25D31B2A9CC4A40083DBC4 /* BookStoreApplication */ = {
			isa = PBXGroup;
			children = (
				3D25D34B2A9CD7390083DBC4 /* Info.plist */,
				3D25D31C2A9CC4A40083DBC4 /* BookStoreApplicationApp.swift */,
				3D25D31E2A9CC4A40083DBC4 /* ContentView.swift */,
				3D25D3202A9CC4A40083DBC4 /* Assets.xcassets */,
				3D25D3222A9CC4A40083DBC4 /* Preview Content */,
			);
			path = BookStoreApplication;
			sourceTree = "<group>";
		};
		3D25D3222A9CC4A40083DBC4 /* Preview Content */ = {
			isa = PBXGroup;
			children = (
				3D25D3232A9CC4A40083DBC4 /* Preview Assets.xcassets */,
			);
			path = "Preview Content";
			sourceTree = "<group>";
		};
		3D25D32C2A9CC4A40083DBC4 /* BookStoreApplicationTests */ = {
			isa = PBXGroup;
			children = (
				3D25D32D2A9CC4A40083DBC4 /* BookStoreApplicationTests.swift */,
			);
			path = BookStoreApplicationTests;
			sourceTree = "<group>";
		};
		3D25D3362A9CC4A40083DBC4 /* BookStoreApplicationUITests */ = {
			isa = PBXGroup;
			children = (
				3D25D3372A9CC4A40083DBC4 /* BookStoreApplicationUITests.swift */,
				3D25D3392A9CC4A40083DBC4 /* BookStoreApplicationUITestsLaunchTests.swift */,
			);
			path = BookStoreApplicationUITests;
			sourceTree = "<group>";
		};
/* End PBXGroup section */

/* Begin PBXNativeTarget section */
		3D25D3182A9CC4A40083DBC4 /* BookStoreApplication */ = {
			isa = PBXNativeTarget;
			buildConfigurationList = 3D25D33D2A9CC4A40083DBC4 /* Build configuration list for PBXNativeTarget "BookStoreApplication" */;
			buildPhases = (
				3D25D3152A9CC4A40083DBC4 /* Sources */,
				3D25D3162A9CC4A40083DBC4 /* Frameworks */,
				3D25D3172A9CC4A40083DBC4 /* Resources */,
			);
			buildRules = (
			);
			dependencies = (
			);
			name = BookStoreApplication;
			packageProductDependencies = (
				3D25D3472A9CC4C20083DBC4 /* BookStore */,
			);
			productName = BookStoreApplication;
			productReference = 3D25D3192A9CC4A40083DBC4 /* BookStoreApplication.app */;
			productType = "com.apple.product-type.application";
		};
		3D25D3282A9CC4A40083DBC4 /* BookStoreApplicationTests */ = {
			isa = PBXNativeTarget;
			buildConfigurationList = 3D25D3402A9CC4A40083DBC4 /* Build configuration list for PBXNativeTarget "BookStoreApplicationTests" */;
			buildPhases = (
				3D25D3252A9CC4A40083DBC4 /* Sources */,
				3D25D3262A9CC4A40083DBC4 /* Frameworks */,
				3D25D3272A9CC4A40083DBC4 /* Resources */,
			);
			buildRules = (
			);
			dependencies = (
				3D25D32B2A9CC4A40083DBC4 /* PBXTargetDependency */,
			);
			name = BookStoreApplicationTests;
			productName = BookStoreApplicationTests;
			productReference = 3D25D3292A9CC4A40083DBC4 /* BookStoreApplicationTests.xctest */;
			productType = "com.apple.product-type.bundle.unit-test";
		};
		3D25D3322A9CC4A40083DBC4 /* BookStoreApplicationUITests */ = {
			isa = PBXNativeTarget;
			buildConfigurationList = 3D25D3432A9CC4A40083DBC4 /* Build configuration list for PBXNativeTarget "BookStoreApplicationUITests" */;
			buildPhases = (
				3D25D32F2A9CC4A40083DBC4 /* Sources */,
				3D25D3302A9CC4A40083DBC4 /* Frameworks */,
				3D25D3312A9CC4A40083DBC4 /* Resources */,
			);
			buildRules = (
			);
			dependencies = (
				3D25D3352A9CC4A40083DBC4 /* PBXTargetDependency */,
			);
			name = BookStoreApplicationUITests;
			productName = BookStoreApplicationUITests;
			productReference = 3D25D3332A9CC4A40083DBC4 /* BookStoreApplicationUITests.xctest */;
			productType = "com.apple.product-type.bundle.ui-testing";
		};
/* End PBXNativeTarget section */

/* Begin PBXProject section */
		3D25D3112A9CC4A40083DBC4 /* Project object */ = {
			isa = PBXProject;
			attributes = {
				BuildIndependentTargetsInParallel = 1;
				LastSwiftUpdateCheck = 1430;
				LastUpgradeCheck = 1430;
				TargetAttributes = {
					3D25D3182A9CC4A40083DBC4 = {
						CreatedOnToolsVersion = 14.3.1;
					};
					3D25D3282A9CC4A40083DBC4 = {
						CreatedOnToolsVersion = 14.3.1;
						TestTargetID = 3D25D3182A9CC4A40083DBC4;
					};
					3D25D3322A9CC4A40083DBC4 = {
						CreatedOnToolsVersion = 14.3.1;
						TestTargetID = 3D25D3182A9CC4A40083DBC4;
					};
				};
			};
			buildConfigurationList = 3D25D3142A9CC4A40083DBC4 /* Build configuration list for PBXProject "BookStoreApplication" */;
			compatibilityVersion = "Xcode 14.0";
			developmentRegion = en;
			hasScannedForEncodings = 0;
			knownRegions = (
				en,
				Base,
			);
			mainGroup = 3D25D3102A9CC4A40083DBC4;
			packageReferences = (
				3D25D3462A9CC4C20083DBC4 /* XCRemoteSwiftPackageReference "BookStoreApi" */,
			);
			productRefGroup = 3D25D31A2A9CC4A40083DBC4 /* Products */;
			projectDirPath = "";
			projectRoot = "";
			targets = (
				3D25D3182A9CC4A40083DBC4 /* BookStoreApplication */,
				3D25D3282A9CC4A40083DBC4 /* BookStoreApplicationTests */,
				3D25D3322A9CC4A40083DBC4 /* BookStoreApplicationUITests */,
			);
		};
/* End PBXProject section */

/* Begin PBXResourcesBuildPhase section */
		3D25D3172A9CC4A40083DBC4 /* Resources */ = {
			isa = PBXResourcesBuildPhase;
			buildActionMask = 2147483647;
			files = (
				3D25D3242A9CC4A40083DBC4 /* Preview Assets.xcassets in Resources */,
				3D25D3212A9CC4A40083DBC4 /* Assets.xcassets in Resources */,
			);
			runOnlyForDeploymentPostprocessing = 0;
		};
		3D25D3272A9CC4A40083DBC4 /* Resources */ = {
			isa = PBXResourcesBuildPhase;
			buildActionMask = 2147483647;
			files = (
			);
			runOnlyForDeploymentPostprocessing = 0;
		};
		3D25D3312A9CC4A40083DBC4 /* Resources */ = {
			isa = PBXResourcesBuildPhase;
			buildActionMask = 2147483647;
			files = (
			);
			runOnlyForDeploymentPostprocessing = 0;
		};
/* End PBXResourcesBuildPhase section */

/* Begin PBXSourcesBuildPhase section */
		3D25D3152A9CC4A40083DBC4 /* Sources */ = {
			isa = PBXSourcesBuildPhase;
			buildActionMask = 2147483647;
			files = (
				3D25D31F2A9CC4A40083DBC4 /* ContentView.swift in Sources */,
				3D25D31D2A9CC4A40083DBC4 /* BookStoreApplicationApp.swift in Sources */,
			);
			runOnlyForDeploymentPostprocessing = 0;
		};
		3D25D3252A9CC4A40083DBC4 /* Sources */ = {
			isa = PBXSourcesBuildPhase;
			buildActionMask = 2147483647;
			files = (
				3D25D32E2A9CC4A40083DBC4 /* BookStoreApplicationTests.swift in Sources */,
			);
			runOnlyForDeploymentPostprocessing = 0;
		};
		3D25D32F2A9CC4A40083DBC4 /* Sources */ = {
			isa = PBXSourcesBuildPhase;
			buildActionMask = 2147483647;
			files = (
				3D25D33A2A9CC4A40083DBC4 /* BookStoreApplicationUITestsLaunchTests.swift in Sources */,
				3D25D3382A9CC4A40083DBC4 /* BookStoreApplicationUITests.swift in Sources */,
			);
			runOnlyForDeploymentPostprocessing = 0;
		};
/* End PBXSourcesBuildPhase section */

/* Begin PBXTargetDependency section */
		3D25D32B2A9CC4A40083DBC4 /* PBXTargetDependency */ = {
			isa = PBXTargetDependency;
			target = 3D25D3182A9CC4A40083DBC4 /* BookStoreApplication */;
			targetProxy = 3D25D32A2A9CC4A40083DBC4 /* PBXContainerItemProxy */;
		};
		3D25D3352A9CC4A40083DBC4 /* PBXTargetDependency */ = {
			isa = PBXTargetDependency;
			target = 3D25D3182A9CC4A40083DBC4 /* BookStoreApplication */;
			targetProxy = 3D25D3342A9CC4A40083DBC4 /* PBXContainerItemProxy */;
		};
/* End PBXTargetDependency section */

/* Begin XCBuildConfiguration section */
		3D25D33B2A9CC4A40083DBC4 /* Debug */ = {
			isa = XCBuildConfiguration;
			buildSettings = {
				ALWAYS_SEARCH_USER_PATHS = NO;
				CLANG_ANALYZER_NONNULL = YES;
				CLANG_ANALYZER_NUMBER_OBJECT_CONVERSION = YES_AGGRESSIVE;
				CLANG_CXX_LANGUAGE_STANDARD = "gnu++20";
				CLANG_ENABLE_MODULES = YES;
				CLANG_ENABLE_OBJC_ARC = YES;
				CLANG_ENABLE_OBJC_WEAK = YES;
				CLANG_WARN_BLOCK_CAPTURE_AUTORELEASING = YES;
				CLANG_WARN_BOOL_CONVERSION = YES;
				CLANG_WARN_COMMA = YES;
				CLANG_WARN_CONSTANT_CONVERSION = YES;
				CLANG_WARN_DEPRECATED_OBJC_IMPLEMENTATIONS = YES;
				CLANG_WARN_DIRECT_OBJC_ISA_USAGE = YES_ERROR;
				CLANG_WARN_DOCUMENTATION_COMMENTS = YES;
				CLANG_WARN_EMPTY_BODY = YES;
				CLANG_WARN_ENUM_CONVERSION = YES;
				CLANG_WARN_INFINITE_RECURSION = YES;
				CLANG_WARN_INT_CONVERSION = YES;
				CLANG_WARN_NON_LITERAL_NULL_CONVERSION = YES;
				CLANG_WARN_OBJC_IMPLICIT_RETAIN_SELF = YES;
				CLANG_WARN_OBJC_LITERAL_CONVERSION = YES;
				CLANG_WARN_OBJC_ROOT_CLASS = YES_ERROR;
				CLANG_WARN_QUOTED_INCLUDE_IN_FRAMEWORK_HEADER = YES;
				CLANG_WARN_RANGE_LOOP_ANALYSIS = YES;
				CLANG_WARN_STRICT_PROTOTYPES = YES;
				CLANG_WARN_SUSPICIOUS_MOVE = YES;
				CLANG_WARN_UNGUARDED_AVAILABILITY = YES_AGGRESSIVE;
				CLANG_WARN_UNREACHABLE_CODE = YES;
				CLANG_WARN__DUPLICATE_METHOD_MATCH = YES;
				COPY_PHASE_STRIP = NO;
				DEBUG_INFORMATION_FORMAT = dwarf;
				ENABLE_STRICT_OBJC_MSGSEND = YES;
				ENABLE_TESTABILITY = YES;
				GCC_C_LANGUAGE_STANDARD = gnu11;
				GCC_DYNAMIC_NO_PIC = NO;
				GCC_NO_COMMON_BLOCKS = YES;
				GCC_OPTIMIZATION_LEVEL = 0;
				GCC_PREPROCESSOR_DEFINITIONS = (
					"DEBUG=1",
					"$(inherited)",
				);
				GCC_WARN_64_TO_32_BIT_CONVERSION = YES;
				GCC_WARN_ABOUT_RETURN_TYPE = YES_ERROR;
				GCC_WARN_UNDECLARED_SELECTOR = YES;
				GCC_WARN_UNINITIALIZED_AUTOS = YES_AGGRESSIVE;
				GCC_WARN_UNUSED_FUNCTION = YES;
				GCC_WARN_UNUSED_VARIABLE = YES;
				IPHONEOS_DEPLOYMENT_TARGET = 16.4;
				MTL_ENABLE_DEBUG_INFO = INCLUDE_SOURCE;
				MTL_FAST_MATH = YES;
				ONLY_ACTIVE_ARCH = YES;
				SDKROOT = iphoneos;
				SWIFT_ACTIVE_COMPILATION_CONDITIONS = DEBUG;
				SWIFT_OPTIMIZATION_LEVEL = "-Onone";
			};
			name = Debug;
		};
		3D25D33C2A9CC4A40083DBC4 /* Release */ = {
			isa = XCBuildConfiguration;
			buildSettings = {
				ALWAYS_SEARCH_USER_PATHS = NO;
				CLANG_ANALYZER_NONNULL = YES;
				CLANG_ANALYZER_NUMBER_OBJECT_CONVERSION = YES_AGGRESSIVE;
				CLANG_CXX_LANGUAGE_STANDARD = "gnu++20";
				CLANG_ENABLE_MODULES = YES;
				CLANG_ENABLE_OBJC_ARC = YES;
				CLANG_ENABLE_OBJC_WEAK = YES;
				CLANG_WARN_BLOCK_CAPTURE_AUTORELEASING = YES;
				CLANG_WARN_BOOL_CONVERSION = YES;
				CLANG_WARN_COMMA = YES;
				CLANG_WARN_CONSTANT_CONVERSION = YES;
				CLANG_WARN_DEPRECATED_OBJC_IMPLEMENTATIONS = YES;
				CLANG_WARN_DIRECT_OBJC_ISA_USAGE = YES_ERROR;
				CLANG_WARN_DOCUMENTATION_COMMENTS = YES;
				CLANG_WARN_EMPTY_BODY = YES;
				CLANG_WARN_ENUM_CONVERSION = YES;
				CLANG_WARN_INFINITE_RECURSION = YES;
				CLANG_WARN_INT_CONVERSION = YES;
				CLANG_WARN_NON_LITERAL_NULL_CONVERSION = YES;
				CLANG_WARN_OBJC_IMPLICIT_RETAIN_SELF = YES;
				CLANG_WARN_OBJC_LITERAL_CONVERSION = YES;
				CLANG_WARN_OBJC_ROOT_CLASS = YES_ERROR;
				CLANG_WARN_QUOTED_INCLUDE_IN_FRAMEWORK_HEADER = YES;
				CLANG_WARN_RANGE_LOOP_ANALYSIS = YES;
				CLANG_WARN_STRICT_PROTOTYPES = YES;
				CLANG_WARN_SUSPICIOUS_MOVE = YES;
				CLANG_WARN_UNGUARDED_AVAILABILITY = YES_AGGRESSIVE;
				CLANG_WARN_UNREACHABLE_CODE = YES;
				CLANG_WARN__DUPLICATE_METHOD_MATCH = YES;
				COPY_PHASE_STRIP = NO;
				DEBUG_INFORMATION_FORMAT = "dwarf-with-dsym";
				ENABLE_NS_ASSERTIONS = NO;
				ENABLE_STRICT_OBJC_MSGSEND = YES;
				GCC_C_LANGUAGE_STANDARD = gnu11;
				GCC_NO_COMMON_BLOCKS = YES;
				GCC_WARN_64_TO_32_BIT_CONVERSION = YES;
				GCC_WARN_ABOUT_RETURN_TYPE = YES_ERROR;
				GCC_WARN_UNDECLARED_SELECTOR = YES;
				GCC_WARN_UNINITIALIZED_AUTOS = YES_AGGRESSIVE;
				GCC_WARN_UNUSED_FUNCTION = YES;
				GCC_WARN_UNUSED_VARIABLE = YES;
				IPHONEOS_DEPLOYMENT_TARGET = 16.4;
				MTL_ENABLE_DEBUG_INFO = NO;
				MTL_FAST_MATH = YES;
				SDKROOT = iphoneos;
				SWIFT_COMPILATION_MODE = wholemodule;
				SWIFT_OPTIMIZATION_LEVEL = "-O";
				VALIDATE_PRODUCT = YES;
			};
			name = Release;
		};
		3D25D33E2A9CC4A40083DBC4 /* Debug */ = {
			isa = XCBuildConfiguration;
			buildSettings = {
				ASSETCATALOG_COMPILER_APPICON_NAME = AppIcon;
				ASSETCATALOG_COMPILER_GLOBAL_ACCENT_COLOR_NAME = AccentColor;
				CODE_SIGN_STYLE = Automatic;
				CURRENT_PROJECT_VERSION = 1;
				DEVELOPMENT_ASSET_PATHS = "\"BookStoreApplication/Preview Content\"";
				ENABLE_PREVIEWS = YES;
				GENERATE_INFOPLIST_FILE = YES;
				INFOPLIST_FILE = BookStoreApplication/Info.plist;
				INFOPLIST_KEY_UIApplicationSceneManifest_Generation = YES;
				INFOPLIST_KEY_UIApplicationSupportsIndirectInputEvents = YES;
				INFOPLIST_KEY_UILaunchScreen_Generation = YES;
				INFOPLIST_KEY_UISupportedInterfaceOrientations_iPad = "UIInterfaceOrientationPortrait UIInterfaceOrientationPortraitUpsideDown UIInterfaceOrientationLandscapeLeft UIInterfaceOrientationLandscapeRight";
				INFOPLIST_KEY_UISupportedInterfaceOrientations_iPhone = "UIInterfaceOrientationPortrait UIInterfaceOrientationLandscapeLeft UIInterfaceOrientationLandscapeRight";
				LD_RUNPATH_SEARCH_PATHS = (
					"$(inherited)",
					"@executable_path/Frameworks",
				);
				MARKETING_VERSION = 1.0;
				PRODUCT_BUNDLE_IDENTIFIER = noceli.diego.BookStoreApplication;
				PRODUCT_NAME = "$(TARGET_NAME)";
				SWIFT_EMIT_LOC_STRINGS = YES;
				SWIFT_VERSION = 5.0;
				TARGETED_DEVICE_FAMILY = "1,2";
			};
			name = Debug;
		};
		3D25D33F2A9CC4A40083DBC4 /* Release */ = {
			isa = XCBuildConfiguration;
			buildSettings = {
				ASSETCATALOG_COMPILER_APPICON_NAME = AppIcon;
				ASSETCATALOG_COMPILER_GLOBAL_ACCENT_COLOR_NAME = AccentColor;
				CODE_SIGN_STYLE = Automatic;
				CURRENT_PROJECT_VERSION = 1;
				DEVELOPMENT_ASSET_PATHS = "\"BookStoreApplication/Preview Content\"";
				ENABLE_PREVIEWS = YES;
				GENERATE_INFOPLIST_FILE = YES;
				INFOPLIST_FILE = BookStoreApplication/Info.plist;
				INFOPLIST_KEY_UIApplicationSceneManifest_Generation = YES;
				INFOPLIST_KEY_UIApplicationSupportsIndirectInputEvents = YES;
				INFOPLIST_KEY_UILaunchScreen_Generation = YES;
				INFOPLIST_KEY_UISupportedInterfaceOrientations_iPad = "UIInterfaceOrientationPortrait UIInterfaceOrientationPortraitUpsideDown UIInterfaceOrientationLandscapeLeft UIInterfaceOrientationLandscapeRight";
				INFOPLIST_KEY_UISupportedInterfaceOrientations_iPhone = "UIInterfaceOrientationPortrait UIInterfaceOrientationLandscapeLeft UIInterfaceOrientationLandscapeRight";
				LD_RUNPATH_SEARCH_PATHS = (
					"$(inherited)",
					"@executable_path/Frameworks",
				);
				MARKETING_VERSION = 1.0;
				PRODUCT_BUNDLE_IDENTIFIER = noceli.diego.BookStoreApplication;
				PRODUCT_NAME = "$(TARGET_NAME)";
				SWIFT_EMIT_LOC_STRINGS = YES;
				SWIFT_VERSION = 5.0;
				TARGETED_DEVICE_FAMILY = "1,2";
			};
			name = Release;
		};
		3D25D3412A9CC4A40083DBC4 /* Debug */ = {
			isa = XCBuildConfiguration;
			buildSettings = {
				ALWAYS_EMBED_SWIFT_STANDARD_LIBRARIES = YES;
				BUNDLE_LOADER = "$(TEST_HOST)";
				CODE_SIGN_STYLE = Automatic;
				CURRENT_PROJECT_VERSION = 1;
				GENERATE_INFOPLIST_FILE = YES;
				IPHONEOS_DEPLOYMENT_TARGET = 16.4;
				MARKETING_VERSION = 1.0;
				PRODUCT_BUNDLE_IDENTIFIER = noceli.diego.BookStoreApplicationTests;
				PRODUCT_NAME = "$(TARGET_NAME)";
				SWIFT_EMIT_LOC_STRINGS = NO;
				SWIFT_VERSION = 5.0;
				TARGETED_DEVICE_FAMILY = "1,2";
				TEST_HOST = "$(BUILT_PRODUCTS_DIR)/BookStoreApplication.app/$(BUNDLE_EXECUTABLE_FOLDER_PATH)/BookStoreApplication";
			};
			name = Debug;
		};
		3D25D3422A9CC4A40083DBC4 /* Release */ = {
			isa = XCBuildConfiguration;
			buildSettings = {
				ALWAYS_EMBED_SWIFT_STANDARD_LIBRARIES = YES;
				BUNDLE_LOADER = "$(TEST_HOST)";
				CODE_SIGN_STYLE = Automatic;
				CURRENT_PROJECT_VERSION = 1;
				GENERATE_INFOPLIST_FILE = YES;
				IPHONEOS_DEPLOYMENT_TARGET = 16.4;
				MARKETING_VERSION = 1.0;
				PRODUCT_BUNDLE_IDENTIFIER = noceli.diego.BookStoreApplicationTests;
				PRODUCT_NAME = "$(TARGET_NAME)";
				SWIFT_EMIT_LOC_STRINGS = NO;
				SWIFT_VERSION = 5.0;
				TARGETED_DEVICE_FAMILY = "1,2";
				TEST_HOST = "$(BUILT_PRODUCTS_DIR)/BookStoreApplication.app/$(BUNDLE_EXECUTABLE_FOLDER_PATH)/BookStoreApplication";
			};
			name = Release;
		};
		3D25D3442A9CC4A40083DBC4 /* Debug */ = {
			isa = XCBuildConfiguration;
			buildSettings = {
				ALWAYS_EMBED_SWIFT_STANDARD_LIBRARIES = YES;
				CODE_SIGN_STYLE = Automatic;
				CURRENT_PROJECT_VERSION = 1;
				GENERATE_INFOPLIST_FILE = YES;
				MARKETING_VERSION = 1.0;
				PRODUCT_BUNDLE_IDENTIFIER = noceli.diego.BookStoreApplicationUITests;
				PRODUCT_NAME = "$(TARGET_NAME)";
				SWIFT_EMIT_LOC_STRINGS = NO;
				SWIFT_VERSION = 5.0;
				TARGETED_DEVICE_FAMILY = "1,2";
				TEST_TARGET_NAME = BookStoreApplication;
			};
			name = Debug;
		};
		3D25D3452A9CC4A40083DBC4 /* Release */ = {
			isa = XCBuildConfiguration;
			buildSettings = {
				ALWAYS_EMBED_SWIFT_STANDARD_LIBRARIES = YES;
				CODE_SIGN_STYLE = Automatic;
				CURRENT_PROJECT_VERSION = 1;
				GENERATE_INFOPLIST_FILE = YES;
				MARKETING_VERSION = 1.0;
				PRODUCT_BUNDLE_IDENTIFIER = noceli.diego.BookStoreApplicationUITests;
				PRODUCT_NAME = "$(TARGET_NAME)";
				SWIFT_EMIT_LOC_STRINGS = NO;
				SWIFT_VERSION = 5.0;
				TARGETED_DEVICE_FAMILY = "1,2";
				TEST_TARGET_NAME = BookStoreApplication;
			};
			name = Release;
		};
/* End XCBuildConfiguration section */

/* Begin XCConfigurationList section */
		3D25D3142A9CC4A40083DBC4 /* Build configuration list for PBXProject "BookStoreApplication" */ = {
			isa = XCConfigurationList;
			buildConfigurations = (
				3D25D33B2A9CC4A40083DBC4 /* Debug */,
				3D25D33C2A9CC4A40083DBC4 /* Release */,
			);
			defaultConfigurationIsVisible = 0;
			defaultConfigurationName = Release;
		};
		3D25D33D2A9CC4A40083DBC4 /* Build configuration list for PBXNativeTarget "BookStoreApplication" */ = {
			isa = XCConfigurationList;
			buildConfigurations = (
				3D25D33E2A9CC4A40083DBC4 /* Debug */,
				3D25D33F2A9CC4A40083DBC4 /* Release */,
			);
			defaultConfigurationIsVisible = 0;
			defaultConfigurationName = Release;
		};
		3D25D3402A9CC4A40083DBC4 /* Build configuration list for PBXNativeTarget "BookStoreApplicationTests" */ = {
			isa = XCConfigurationList;
			buildConfigurations = (
				3D25D3412A9CC4A40083DBC4 /* Debug */,
				3D25D3422A9CC4A40083DBC4 /* Release */,
			);
			defaultConfigurationIsVisible = 0;
			defaultConfigurationName = Release;
		};
		3D25D3432A9CC4A40083DBC4 /* Build configuration list for PBXNativeTarget "BookStoreApplicationUITests" */ = {
			isa = XCConfigurationList;
			buildConfigurations = (
				3D25D3442A9CC4A40083DBC4 /* Debug */,
				3D25D3452A9CC4A40083DBC4 /* Release */,
			);
			defaultConfigurationIsVisible = 0;
			defaultConfigurationName = Release;
		};
/* End XCConfigurationList section */

/* Begin XCRemoteSwiftPackageReference section */
		3D25D3462A9CC4C20083DBC4 /* XCRemoteSwiftPackageReference "BookStoreApi" */ = {
			isa = XCRemoteSwiftPackageReference;
			repositoryURL = "https://github.com/diegonoceli/BookStoreApi";
			requirement = {
				branch = main;
				kind = branch;
			};
		};
/* End XCRemoteSwiftPackageReference section */

/* Begin XCSwiftPackageProductDependency section */
		3D25D3472A9CC4C20083DBC4 /* BookStore */ = {
			isa = XCSwiftPackageProductDependency;
			package = 3D25D3462A9CC4C20083DBC4 /* XCRemoteSwiftPackageReference "BookStoreApi" */;
			productName = BookStore;
		};
/* End XCSwiftPackageProductDependency section */
	};
	rootObject = 3D25D3112A9CC4A40083DBC4 /* Project object */;
}
