{
  "pins" : [
    {
      "identity" : "bookstoreapi",
      "kind" : "remoteSourceControl",
      "location" : "https://github.com/diegonoceli/BookStoreApi",
      "state" : {
        "branch" : "main",
        "revision" : "e840476e2c7fb23fe33f039e9ce7bb3fc1a4c801"
      }
    }
  ],
  "version" : 2
}
