{
  "pins" : [
    {
      "identity" : "bookstoreapi",
      "kind" : "remoteSourceControl",
      "location" : "https://github.com/diegonoceli/BookStoreApi",
      "state" : {
        "branch" : "main",
        "revision" : "a7c2e2d62d6e93b805e015e226feeccfbb8b7955"
      }
    }
  ],
  "version" : 2
}
